{
    "_meta": {
        "hash": {
            "sha256": "c57d12e02df574a60824c80f5357a49bac6a7d6993e555a34bd0a7c974ca04ae"
        },
        "host-environment-markers": {
            "implementation_name": "cpython",
            "implementation_version": "3.6.3",
            "os_name": "posix",
            "platform_machine": "x86_64",
            "platform_python_implementation": "CPython",
            "platform_release": "4.10.0-38-generic",
            "platform_system": "Linux",
            "platform_version": "#42~16.04.1-Ubuntu SMP Tue Oct 10 16:32:20 UTC 2017",
            "python_full_version": "3.6.3",
            "python_version": "3.6",
            "sys_platform": "linux"
        },
        "pipfile-spec": 6,
        "requires": {},
        "sources": [
            {
                "name": "pypi",
                "url": "https://pypi.python.org/simple",
                "verify_ssl": true
            }
        ]
    },
    "default": {
        "colorama": {
            "hashes": [
                "sha256:463f8483208e921368c9f306094eb6f725c6ca42b0f97e313cb5d5512459feda",
                "sha256:48eb22f4f8461b1df5734a074b57042430fb06e1d61bd1e11b078c0fe6d7a1f1"
            ],
            "version": "==0.3.9"
        },
        "pyfiglet": {
            "hashes": [
                "sha256:446194e1fc3257ffc8024eafd3b486394847597f6210278d76bd582850205e12"
            ],
            "version": "==0.7.5"
        },
        "termcolor": {
            "hashes": [
                "sha256:1d6d69ce66211143803fbc56652b41d73b4a400a2891d7bf7a1cdf4c02de613b"
            ],
            "version": "==1.1.0"
        }
    },
    "develop": {}
}
